
Microsoft Visual Studio Solution File, Format Version 12.00
# Visual Studio Version 17
VisualStudioVersion = 17.3.32811.315
MinimumVisualStudioVersion = 10.0.40219.1
Project("{FAE04EC0-301F-11D3-BF4B-00C04F79EFBC}") = "DotNetProject1", "DotNetProject1.csproj", "{4E8625B0-DBB5-43FD-8FBB-11CEEEC9A0F8}"
EndProject
Global
	GlobalSection(SolutionConfigurationPlatforms) = preSolution
		Debug|Any CPU = Debug|Any CPU
		Release|Any CPU = Release|Any CPU
	EndGlobalSection
	GlobalSection(ProjectConfigurationPlatforms) = postSolution
		{4E8625B0-DBB5-43FD-8FBB-11CEEEC9A0F8}.Debug|Any CPU.ActiveCfg = Debug|Any CPU
		{4E8625B0-DBB5-43FD-8FBB-11CEEEC9A0F8}.Debug|Any CPU.Build.0 = Debug|Any CPU
		{4E8625B0-DBB5-43FD-8FBB-11CEEEC9A0F8}.Release|Any CPU.ActiveCfg = Release|Any CPU
		{4E8625B0-DBB5-43FD-8FBB-11CEEEC9A0F8}.Release|Any CPU.Build.0 = Release|Any CPU
	EndGlobalSection
	GlobalSection(SolutionProperties) = preSolution
		HideSolutionNode = FALSE
	EndGlobalSection
	GlobalSection(ExtensibilityGlobals) = postSolution
		SolutionGuid = {8473EB0D-DFB2-49BE-9052-D30DA7C9742D}
	EndGlobalSection
EndGlobal
